# This file is autogenerated, do not edit; changes may be undone by the next 'dep ensure'.


[[projects]]
  digest = "1:e4a8ad9394f2cc275b36155d47921ef7ab4a9b1b4a5496ab68f470e219c93271"
  name = "github.com/Clever/amazon-kinesis-client-go"
  packages = [
    "batchconsumer",
    "batchconsumer/stats",
    "decode",
    "kcl",
    "splitter",
  ]
  pruneopts = ""
  revision = "6ac018712d3d8bda827af0226cee49f7b4c5f9d6"
  version = "v1.0.0"

[[projects]]
  branch = "master"
  digest = "1:8b02380580838bb27fd272f09a467b29351cc2af18e54ee8497118b91cc8aed4"
  name = "github.com/Clever/syslogparser"
  packages = ["rfc3164"]
  pruneopts = ""
  revision = "fb28ad3e4340c046323b7beba685a72fd12ecbe8"

[[projects]]
  digest = "1:ebf4bf0cc2e8705b66f67fecee8837e26c8b67a11ede9dd1f18a2841b6de5fac"
  name = "github.com/a8m/kinesis-producer"
  packages = ["."]
  pruneopts = ""
  revision = "2b76ac68f594232c724b44643c6994768d5a5f35"
  version = "v0.2.0"

[[projects]]
  digest = "1:d8fc807d76ce455af5dee9082a3a029a55b2b8a95567c30bdcb2058d5c0a71fd"
  name = "github.com/aws/aws-sdk-go"
  packages = [
    "aws",
    "aws/awserr",
    "aws/awsutil",
    "aws/client",
    "aws/client/metadata",
    "aws/corehandlers",
    "aws/credentials",
    "aws/credentials/ec2rolecreds",
    "aws/credentials/endpointcreds",
    "aws/credentials/processcreds",
    "aws/credentials/ssocreds",
    "aws/credentials/stscreds",
    "aws/csm",
    "aws/defaults",
    "aws/ec2metadata",
    "aws/endpoints",
    "aws/request",
    "aws/session",
    "aws/signer/v4",
    "internal/context",
    "internal/ini",
    "internal/sdkio",
    "internal/sdkmath",
    "internal/sdkrand",
    "internal/sdkuri",
    "internal/shareddefaults",
    "internal/strings",
    "internal/sync/singleflight",
    "private/protocol",
    "private/protocol/eventstream",
    "private/protocol/eventstream/eventstreamapi",
    "private/protocol/json/jsonutil",
    "private/protocol/jsonrpc",
    "private/protocol/query",
    "private/protocol/query/queryutil",
    "private/protocol/rest",
    "private/protocol/restjson",
    "private/protocol/xml/xmlutil",
    "service/cloudwatch",
    "service/cloudwatch/cloudwatchiface",
    "service/kinesis",
    "service/sso",
    "service/sso/ssoiface",
    "service/sts",
    "service/sts/stsiface",
  ]
  pruneopts = ""
  revision = "fa58648890e3dea15d2249a3f556830e95e95a33"
  version = "v1.38.0"

[[projects]]
  digest = "1:56c130d885a4aacae1dd9c7b71cfe39912c7ebc1ff7d2b46083c8812996dc43b"
  name = "github.com/davecgh/go-spew"
  packages = ["spew"]
  pruneopts = ""
  revision = "346938d642f2ec3594ed81d874461961cd0faa76"
  version = "v1.1.0"

[[projects]]
  digest = "1:8c9af6e3162383951dee97404fadb761f9ae60b4806998df288a5b143afa7251"
  name = "github.com/eapache/go-resiliency"
  packages = ["retrier"]
  pruneopts = ""
  revision = "5efd2ed019fd331ec2defc6f3bd98882f1e3e636"
  version = "v1.2.0"

[[projects]]
  digest = "1:6532affeeaaccdc6919d5773516176b77de02b4af8cf9a7fac16bae77aa319c5"
  name = "github.com/golang/protobuf"
  packages = ["proto"]
  pruneopts = ""
  revision = "4846b58453b3708320bdb524f25cc5a1d9cda4d4"
  version = "v1.4.3"

[[projects]]
  branch = "master"
  digest = "1:08e4168603de9afb3ae9135735d90f8b703e8c91a39ec75a6e535628e6eb97ce"
  name = "github.com/jeromer/syslogparser"
  packages = ["."]
  pruneopts = ""
  revision = "0e4ae46ea3f08de351074b643d649d5d00661a3c"

[[projects]]
  digest = "1:13fe471d0ed891e8544eddfeeb0471fd3c9f2015609a1c000aefdedf52a19d40"
  name = "github.com/jmespath/go-jmespath"
  packages = ["."]
  pruneopts = ""
  revision = "c2b33e84"

[[projects]]
  digest = "1:ef0f9731bc6c3c59396adc50f36da36ca98c704812c449794f9326f7bc64b5f1"
  name = "github.com/jpillora/backoff"
  packages = ["."]
  pruneopts = ""
  revision = "8eab2debe79d12b7bd3d10653910df25fa9552ba"
  version = "1.0.0"

[[projects]]
  branch = "master"
  digest = "1:e71cc6b377264002aec0d9c235087e51ad7a3c1fb341bb4baa84709308b94fe8"
  name = "github.com/kardianos/osext"
  packages = ["."]
  pruneopts = ""
  revision = "2bc1f35cddc0cc527b4bc3dce8578fc2a6c11384"

[[projects]]
  branch = "master"
  digest = "1:1ed9eeebdf24aadfbca57eb50e6455bd1d2474525e0f0d4454de8c8e9bc7ee9a"
  name = "github.com/kr/logfmt"
  packages = ["."]
  pruneopts = ""
  revision = "b84e30acd515aadc4b783ad4ff83aff3299bdfe0"

[[projects]]
  digest = "1:256484dbbcd271f9ecebc6795b2df8cad4c458dd0f5fd82a8c2fa0c29f233411"
  name = "github.com/pmezard/go-difflib"
  packages = ["difflib"]
  pruneopts = ""
  revision = "792786c7400a136282c1664665ae0a8db921c6c2"
  version = "v1.0.0"

[[projects]]
  branch = "master"
  digest = "1:ec0b4406ee4d860a33d6cf6748ec4c4546f6890e7c90d8fcf541e1ac7d9add91"
  name = "github.com/signalfx/com_signalfx_metrics_protobuf"
  packages = ["."]
  pruneopts = ""
  revision = "93e507b42f43f458a109ca278d1542a26a0b87fc"

[[projects]]
  branch = "master"
  digest = "1:970b1463f5a08bf6790ad497c47ffe87ca75d37f0dd76bd7cd24b1318900a93e"
  name = "github.com/signalfx/gohistogram"
  packages = ["."]
  pruneopts = ""
  revision = "1ccfd2ff508314074672f4450a917011a2060408"

[[projects]]
  branch = "master"
  digest = "1:d5d3663ead2dfb26c21600241e2774cd82586f7eedd75f44ed695bf19795d861"
  name = "github.com/signalfx/golib"
  packages = [
    "datapoint",
    "errors",
    "event",
    "eventcounter",
    "log",
    "sfxclient",
    "timekeeper",
  ]
  pruneopts = ""
  revision = "8321403a729d6c8fa60a3dcf2c60bf20f71f6062"

[[projects]]
  branch = "master"
  digest = "1:6433f1e5682b6927ce7002133906652ff7aa744190f7649a28f7f2ab939ae5e5"
  name = "github.com/stretchr/testify"
  packages = ["assert"]
  pruneopts = ""
  revision = "6990a05d54c2287be8787a411d77815643347339"

[[projects]]
  branch = "master"
  digest = "1:dd275b17b08ad316ab1e69396a09085b65b0a728869bd406d0515f2f08ad4571"
  name = "github.com/xeipuuv/gojsonpointer"
  packages = ["."]
  pruneopts = ""
  revision = "6fe8760cad3569743d51ddbb243b26f8456742dc"

[[projects]]
  branch = "master"
  digest = "1:feb667646650e600036a4731f959e746eb755970fc2c8a3d54c66a0cde7ac69d"
  name = "github.com/xeipuuv/gojsonreference"
  packages = ["."]
  pruneopts = ""
  revision = "e02fc20de94c78484cd5ffb007f8af96be030a45"

[[projects]]
  branch = "master"
  digest = "1:e0b15af5b1af9850fb12ca0c454949611a90c11b9603201add98964f9b53e1e6"
  name = "github.com/xeipuuv/gojsonschema"
  packages = ["."]
  pruneopts = ""
  revision = "212d8a0df7acfab8bdd190a7a69f0ab7376edcc8"

[[projects]]
  branch = "master"
  digest = "1:085a795fb6a7c5089da80a6b2f76a703ed5b6cc12c52c20eda1c22d567ca6cfe"
  name = "golang.org/x/net"
  packages = ["context"]
  pruneopts = ""
  revision = "cb1fcc7394e5e9b57a280d53e45e76fe229e7446"

[[projects]]
  branch = "master"
  digest = "1:962626db478d8aa0ae5a1d99c2b367acc756346c6657780a91252cfda66a67d3"
  name = "golang.org/x/time"
  packages = ["rate"]
  pruneopts = ""
  revision = "6dc17368e09b0e8634d71cac8168d853e869a0c7"

[[projects]]
  digest = "1:0d049ff01749ce1d6092c85cb90a02dfdb3b401939b13415b7e608f36bc8ecee"
  name = "google.golang.org/protobuf"
  packages = [
    "encoding/prototext",
    "encoding/protowire",
    "internal/descfmt",
    "internal/descopts",
    "internal/detrand",
    "internal/encoding/defval",
    "internal/encoding/messageset",
    "internal/encoding/tag",
    "internal/encoding/text",
    "internal/errors",
    "internal/fieldsort",
    "internal/filedesc",
    "internal/filetype",
    "internal/flags",
    "internal/genid",
    "internal/impl",
    "internal/mapsort",
    "internal/pragma",
    "internal/set",
    "internal/strs",
    "internal/version",
    "proto",
    "reflect/protoreflect",
    "reflect/protoregistry",
    "runtime/protoiface",
    "runtime/protoimpl",
  ]
  pruneopts = ""
  revision = "3f7a61f89bb6813f89d981d1870ed68da0b3c3f1"
  version = "v1.25.0"

[[projects]]
  digest = "1:5348c5fa3cb55877ed440e264aaae171589ace33d26d8e2dc2ed2b4ee414a3d2"
  name = "gopkg.in/Clever/kayvee-go.v6"
  packages = [
    ".",
    "logger",
    "router",
  ]
  pruneopts = ""
  revision = "526e42c95b079dd158bbfd9419531fcf09cf23c7"
  version = "v6.24.1"

[[projects]]
  digest = "1:6a4a01d58b227c4b6b11111b9f172ec5c17682b82724e58e6daf3f19f4faccd8"
  name = "gopkg.in/logfmt.v0"
  packages = ["."]
  pruneopts = ""
  revision = "390ab7935ee28ec6b286364bba9b4dd6410cb3d5"
  version = "v0.3.0"

[[projects]]
  digest = "1:996761b4652a3dec771aa335202ed1f257206f94d05519b6babffdeaf87dc7e6"
  name = "gopkg.in/stack.v1"
  packages = ["."]
  pruneopts = ""
  revision = "817915b46b97fd7bb80e8ab6b69f01a53ac3eebf"
  version = "v1.6.0"

[[projects]]
  branch = "v2"
  digest = "1:81314a486195626940617e43740b4fa073f265b0715c9f54ce2027fee1cb5f61"
  name = "gopkg.in/yaml.v2"
  packages = ["."]
  pruneopts = ""
  revision = "eb3733d160e74a9c7e442f435eb3bea458e1d19f"

[[projects]]
  branch = "v3"
  digest = "1:2e9c4d6def1d36dcd17730e00c06b49a2e97ea5e1e639bcd24fa60fa43e33ad6"
  name = "gopkg.in/yaml.v3"
  packages = ["."]
  pruneopts = ""
  revision = "eeeca48fe7764f320e4870d231902bf9c1be2c08"

[solve-meta]
  analyzer-name = "dep"
  analyzer-version = 1
  input-imports = [
    "github.com/Clever/amazon-kinesis-client-go/batchconsumer",
    "github.com/Clever/amazon-kinesis-client-go/decode",
    "github.com/aws/aws-sdk-go/aws",
    "github.com/aws/aws-sdk-go/aws/session",
    "github.com/aws/aws-sdk-go/service/cloudwatch",
    "github.com/aws/aws-sdk-go/service/cloudwatch/cloudwatchiface",
    "github.com/eapache/go-resiliency/retrier",
    "github.com/kardianos/osext",
    "github.com/signalfx/golib/datapoint",
    "github.com/signalfx/golib/event",
    "github.com/signalfx/golib/sfxclient",
    "github.com/stretchr/testify/assert",
    "golang.org/x/net/context",
    "gopkg.in/Clever/kayvee-go.v6/logger",
  ]
  solver-name = "gps-cdcl"
  solver-version = 1
